
Microsoft Visual Studio Solution File, Format Version 12.00
# Visual Studio Version 17
VisualStudioVersion = 17.9.34616.47
MinimumVisualStudioVersion = 10.0.40219.1
Project("{9A19103F-16F7-4668-BE54-9A1E7A4F7556}") = "Yans.Server", "Yans.Server\Yans.Server.csproj", "{27F7E5CC-DD89-48C1-A2A9-1E4AF238C835}"
EndProject
Project("{9A19103F-16F7-4668-BE54-9A1E7A4F7556}") = "Yans.Modules.Demo.Application", "Yans.Modules.Demo.Application\Yans.Modules.Demo.Application.csproj", "{A9EF733A-9923-45BC-9D3D-C41A837E26B9}"
EndProject
Project("{2150E333-8FDC-42A3-9474-1A3956D46DE8}") = "Modules", "Modules", "{FDCBAB37-2853-4775-9292-0968BA2468F3}"
EndProject
Project("{9A19103F-16F7-4668-BE54-9A1E7A4F7556}") = "Yans.Modules.Demo.Domain", "Yans.Modules.Demo.Domain\Yans.Modules.Demo.Domain.csproj", "{774E5E3A-1615-40A9-AAC4-4911C8C9C0F6}"
EndProject
Project("{9A19103F-16F7-4668-BE54-9A1E7A4F7556}") = "Yans.Modules.Demo.Infrastructure", "Yans.Modules.Demo.Infrastructure\Yans.Modules.Demo.Infrastructure.csproj", "{A191B9F1-9D40-4661-A66E-A1D9CC1AE053}"
EndProject
Project("{9A19103F-16F7-4668-BE54-9A1E7A4F7556}") = "Yans.Modules.Demo.IntegrationEvents", "Yans.Modules.Demo.IntegratingEvents\Yans.Modules.Demo.IntegrationEvents.csproj", "{5547F649-25C1-485F-BD16-64A7CE0C9B82}"
EndProject
Project("{9A19103F-16F7-4668-BE54-9A1E7A4F7556}") = "Yans.Modules.Demo.WebAPI", "Yans.Modules.Demo.WebAPI\Yans.Modules.Demo.WebAPI.csproj", "{F12D237B-0530-45BD-AF57-CC7767CED31C}"
EndProject
Project("{2150E333-8FDC-42A3-9474-1A3956D46DE8}") = "Tests", "Tests", "{9B70A0E0-BA84-4F4E-83FD-0F658583315D}"
EndProject
Project("{2150E333-8FDC-42A3-9474-1A3956D46DE8}") = "Base", "Base", "{BD258148-75DB-4C09-83C6-BC95518DD334}"
EndProject
Project("{9A19103F-16F7-4668-BE54-9A1E7A4F7556}") = "Yans.Base.Domain", "Yans.Base.Domain\Yans.Base.Domain.csproj", "{EBFB35DD-5784-4BF1-8A88-25B3613AC7C7}"
EndProject
Project("{9A19103F-16F7-4668-BE54-9A1E7A4F7556}") = "Yans.Base.Application", "Yans.Base.Application\Yans.Base.Application.csproj", "{D19C4C58-EA1E-4304-BAC6-F940BE3AD4D1}"
EndProject
Project("{9A19103F-16F7-4668-BE54-9A1E7A4F7556}") = "Yans.Base.Infrastructure", "Yans.Base.Infrastructure\Yans.Base.Infrastructure.csproj", "{F412F206-D7FD-457B-B311-3319071EBF77}"
EndProject
Project("{9A19103F-16F7-4668-BE54-9A1E7A4F7556}") = "Yans.Base.IntegrationEvents", "Yans.Base.IntegratingEvents\Yans.Base.IntegrationEvents.csproj", "{7F7A4F16-C742-4F5D-B78E-E2F8148A5A7B}"
EndProject
Project("{2150E333-8FDC-42A3-9474-1A3956D46DE8}") = "Demo", "Demo", "{17A61094-2250-4EC0-B042-1B8F32570386}"
EndProject
Project("{2150E333-8FDC-42A3-9474-1A3956D46DE8}") = "BuildingBlocks", "BuildingBlocks", "{E1268898-5F8F-4CA4-9ADA-D9AB28D08244}"
EndProject
Project("{2150E333-8FDC-42A3-9474-1A3956D46DE8}") = "Solution Items", "Solution Items", "{4B42C659-E606-4866-9701-0585C53F9F22}"
	ProjectSection(SolutionItems) = preProject
		.editorconfig = .editorconfig
	EndProjectSection
EndProject
Project("{2150E333-8FDC-42A3-9474-1A3956D46DE8}") = "Utils", "Utils", "{2DED05A6-A051-4357-AB01-73DF6D37BE6A}"
EndProject
Project("{2150E333-8FDC-42A3-9474-1A3956D46DE8}") = "Tools", "Tools", "{7F60E9BD-DB95-40CB-B710-568ECDCF78BB}"
EndProject
Project("{2150E333-8FDC-42A3-9474-1A3956D46DE8}") = "EventBus", "EventBus", "{09351BA9-EA18-4B2C-A848-CC11714B429B}"
EndProject
Project("{9A19103F-16F7-4668-BE54-9A1E7A4F7556}") = "Yans.Base.WebAPI", "Yans.Base.WebAPI\Yans.Base.WebAPI.csproj", "{B0829B4D-9F21-44A2-A70C-686D1F7AC422}"
EndProject
Project("{9A19103F-16F7-4668-BE54-9A1E7A4F7556}") = "Yans.BuildingBlocks.EventBus.InMemory", "Yans.BuildingBlocks.EventBus.InMemory\Yans.BuildingBlocks.EventBus.InMemory.csproj", "{67ABDC2D-1ADA-4B78-8AD2-704E91681871}"
EndProject
Project("{2150E333-8FDC-42A3-9474-1A3956D46DE8}") = "Identity", "Identity", "{0E69E936-4374-4ABF-B3F7-0C034E0FD625}"
EndProject
Project("{9A19103F-16F7-4668-BE54-9A1E7A4F7556}") = "Yans.Modules.Identity.Domain", "Yans.Modules.Identity.Domain\Yans.Modules.Identity.Domain.csproj", "{DDA1F963-08D0-4EC1-92CE-663438252B9A}"
EndProject
Project("{9A19103F-16F7-4668-BE54-9A1E7A4F7556}") = "Yans.Modules.Identity.Application", "Yans.Modules.Identity.Application\Yans.Modules.Identity.Application.csproj", "{2362E9DA-1D5C-4559-870F-CDDC5C224E22}"
EndProject
Project("{9A19103F-16F7-4668-BE54-9A1E7A4F7556}") = "Yans.Modules.Identity.Infrastructure", "Yans.Modules.Identity.Infrastructure\Yans.Modules.Identity.Infrastructure.csproj", "{9B26FC89-0711-43DC-8AD9-12BD2E316CA4}"
EndProject
Project("{9A19103F-16F7-4668-BE54-9A1E7A4F7556}") = "Yans.Modules.Identity.IntegrationEvents", "Yans.Modules.Identity.IntegrationEvents\Yans.Modules.Identity.IntegrationEvents.csproj", "{221BB407-53B1-49AC-90B1-EA54F8B9E322}"
EndProject
Project("{9A19103F-16F7-4668-BE54-9A1E7A4F7556}") = "Yans.Modules.Identity.WebAPI", "Yans.Modules.Identity.WebAPI\Yans.Modules.Identity.WebAPI.csproj", "{46ACB3ED-EAC3-46C4-87AF-42963FD8F2F1}"
EndProject
Global
	GlobalSection(SolutionConfigurationPlatforms) = preSolution
		Debug|Any CPU = Debug|Any CPU
		Release|Any CPU = Release|Any CPU
	EndGlobalSection
	GlobalSection(ProjectConfigurationPlatforms) = postSolution
		{27F7E5CC-DD89-48C1-A2A9-1E4AF238C835}.Debug|Any CPU.ActiveCfg = Debug|Any CPU
		{27F7E5CC-DD89-48C1-A2A9-1E4AF238C835}.Debug|Any CPU.Build.0 = Debug|Any CPU
		{27F7E5CC-DD89-48C1-A2A9-1E4AF238C835}.Release|Any CPU.ActiveCfg = Release|Any CPU
		{27F7E5CC-DD89-48C1-A2A9-1E4AF238C835}.Release|Any CPU.Build.0 = Release|Any CPU
		{A9EF733A-9923-45BC-9D3D-C41A837E26B9}.Debug|Any CPU.ActiveCfg = Debug|Any CPU
		{A9EF733A-9923-45BC-9D3D-C41A837E26B9}.Debug|Any CPU.Build.0 = Debug|Any CPU
		{A9EF733A-9923-45BC-9D3D-C41A837E26B9}.Release|Any CPU.ActiveCfg = Release|Any CPU
		{A9EF733A-9923-45BC-9D3D-C41A837E26B9}.Release|Any CPU.Build.0 = Release|Any CPU
		{774E5E3A-1615-40A9-AAC4-4911C8C9C0F6}.Debug|Any CPU.ActiveCfg = Debug|Any CPU
		{774E5E3A-1615-40A9-AAC4-4911C8C9C0F6}.Debug|Any CPU.Build.0 = Debug|Any CPU
		{774E5E3A-1615-40A9-AAC4-4911C8C9C0F6}.Release|Any CPU.ActiveCfg = Release|Any CPU
		{774E5E3A-1615-40A9-AAC4-4911C8C9C0F6}.Release|Any CPU.Build.0 = Release|Any CPU
		{A191B9F1-9D40-4661-A66E-A1D9CC1AE053}.Debug|Any CPU.ActiveCfg = Debug|Any CPU
		{A191B9F1-9D40-4661-A66E-A1D9CC1AE053}.Debug|Any CPU.Build.0 = Debug|Any CPU
		{A191B9F1-9D40-4661-A66E-A1D9CC1AE053}.Release|Any CPU.ActiveCfg = Release|Any CPU
		{A191B9F1-9D40-4661-A66E-A1D9CC1AE053}.Release|Any CPU.Build.0 = Release|Any CPU
		{5547F649-25C1-485F-BD16-64A7CE0C9B82}.Debug|Any CPU.ActiveCfg = Debug|Any CPU
		{5547F649-25C1-485F-BD16-64A7CE0C9B82}.Debug|Any CPU.Build.0 = Debug|Any CPU
		{5547F649-25C1-485F-BD16-64A7CE0C9B82}.Release|Any CPU.ActiveCfg = Release|Any CPU
		{5547F649-25C1-485F-BD16-64A7CE0C9B82}.Release|Any CPU.Build.0 = Release|Any CPU
		{F12D237B-0530-45BD-AF57-CC7767CED31C}.Debug|Any CPU.ActiveCfg = Debug|Any CPU
		{F12D237B-0530-45BD-AF57-CC7767CED31C}.Debug|Any CPU.Build.0 = Debug|Any CPU
		{F12D237B-0530-45BD-AF57-CC7767CED31C}.Release|Any CPU.ActiveCfg = Release|Any CPU
		{F12D237B-0530-45BD-AF57-CC7767CED31C}.Release|Any CPU.Build.0 = Release|Any CPU
		{EBFB35DD-5784-4BF1-8A88-25B3613AC7C7}.Debug|Any CPU.ActiveCfg = Debug|Any CPU
		{EBFB35DD-5784-4BF1-8A88-25B3613AC7C7}.Debug|Any CPU.Build.0 = Debug|Any CPU
		{EBFB35DD-5784-4BF1-8A88-25B3613AC7C7}.Release|Any CPU.ActiveCfg = Release|Any CPU
		{EBFB35DD-5784-4BF1-8A88-25B3613AC7C7}.Release|Any CPU.Build.0 = Release|Any CPU
		{D19C4C58-EA1E-4304-BAC6-F940BE3AD4D1}.Debug|Any CPU.ActiveCfg = Debug|Any CPU
		{D19C4C58-EA1E-4304-BAC6-F940BE3AD4D1}.Debug|Any CPU.Build.0 = Debug|Any CPU
		{D19C4C58-EA1E-4304-BAC6-F940BE3AD4D1}.Release|Any CPU.ActiveCfg = Release|Any CPU
		{D19C4C58-EA1E-4304-BAC6-F940BE3AD4D1}.Release|Any CPU.Build.0 = Release|Any CPU
		{F412F206-D7FD-457B-B311-3319071EBF77}.Debug|Any CPU.ActiveCfg = Debug|Any CPU
		{F412F206-D7FD-457B-B311-3319071EBF77}.Debug|Any CPU.Build.0 = Debug|Any CPU
		{F412F206-D7FD-457B-B311-3319071EBF77}.Release|Any CPU.ActiveCfg = Release|Any CPU
		{F412F206-D7FD-457B-B311-3319071EBF77}.Release|Any CPU.Build.0 = Release|Any CPU
		{7F7A4F16-C742-4F5D-B78E-E2F8148A5A7B}.Debug|Any CPU.ActiveCfg = Debug|Any CPU
		{7F7A4F16-C742-4F5D-B78E-E2F8148A5A7B}.Debug|Any CPU.Build.0 = Debug|Any CPU
		{7F7A4F16-C742-4F5D-B78E-E2F8148A5A7B}.Release|Any CPU.ActiveCfg = Release|Any CPU
		{7F7A4F16-C742-4F5D-B78E-E2F8148A5A7B}.Release|Any CPU.Build.0 = Release|Any CPU
		{B0829B4D-9F21-44A2-A70C-686D1F7AC422}.Debug|Any CPU.ActiveCfg = Debug|Any CPU
		{B0829B4D-9F21-44A2-A70C-686D1F7AC422}.Debug|Any CPU.Build.0 = Debug|Any CPU
		{B0829B4D-9F21-44A2-A70C-686D1F7AC422}.Release|Any CPU.ActiveCfg = Release|Any CPU
		{B0829B4D-9F21-44A2-A70C-686D1F7AC422}.Release|Any CPU.Build.0 = Release|Any CPU
		{67ABDC2D-1ADA-4B78-8AD2-704E91681871}.Debug|Any CPU.ActiveCfg = Debug|Any CPU
		{67ABDC2D-1ADA-4B78-8AD2-704E91681871}.Debug|Any CPU.Build.0 = Debug|Any CPU
		{67ABDC2D-1ADA-4B78-8AD2-704E91681871}.Release|Any CPU.ActiveCfg = Release|Any CPU
		{67ABDC2D-1ADA-4B78-8AD2-704E91681871}.Release|Any CPU.Build.0 = Release|Any CPU
		{DDA1F963-08D0-4EC1-92CE-663438252B9A}.Debug|Any CPU.ActiveCfg = Debug|Any CPU
		{DDA1F963-08D0-4EC1-92CE-663438252B9A}.Debug|Any CPU.Build.0 = Debug|Any CPU
		{DDA1F963-08D0-4EC1-92CE-663438252B9A}.Release|Any CPU.ActiveCfg = Release|Any CPU
		{DDA1F963-08D0-4EC1-92CE-663438252B9A}.Release|Any CPU.Build.0 = Release|Any CPU
		{2362E9DA-1D5C-4559-870F-CDDC5C224E22}.Debug|Any CPU.ActiveCfg = Debug|Any CPU
		{2362E9DA-1D5C-4559-870F-CDDC5C224E22}.Debug|Any CPU.Build.0 = Debug|Any CPU
		{2362E9DA-1D5C-4559-870F-CDDC5C224E22}.Release|Any CPU.ActiveCfg = Release|Any CPU
		{2362E9DA-1D5C-4559-870F-CDDC5C224E22}.Release|Any CPU.Build.0 = Release|Any CPU
		{9B26FC89-0711-43DC-8AD9-12BD2E316CA4}.Debug|Any CPU.ActiveCfg = Debug|Any CPU
		{9B26FC89-0711-43DC-8AD9-12BD2E316CA4}.Debug|Any CPU.Build.0 = Debug|Any CPU
		{9B26FC89-0711-43DC-8AD9-12BD2E316CA4}.Release|Any CPU.ActiveCfg = Release|Any CPU
		{9B26FC89-0711-43DC-8AD9-12BD2E316CA4}.Release|Any CPU.Build.0 = Release|Any CPU
		{221BB407-53B1-49AC-90B1-EA54F8B9E322}.Debug|Any CPU.ActiveCfg = Debug|Any CPU
		{221BB407-53B1-49AC-90B1-EA54F8B9E322}.Debug|Any CPU.Build.0 = Debug|Any CPU
		{221BB407-53B1-49AC-90B1-EA54F8B9E322}.Release|Any CPU.ActiveCfg = Release|Any CPU
		{221BB407-53B1-49AC-90B1-EA54F8B9E322}.Release|Any CPU.Build.0 = Release|Any CPU
		{46ACB3ED-EAC3-46C4-87AF-42963FD8F2F1}.Debug|Any CPU.ActiveCfg = Debug|Any CPU
		{46ACB3ED-EAC3-46C4-87AF-42963FD8F2F1}.Debug|Any CPU.Build.0 = Debug|Any CPU
		{46ACB3ED-EAC3-46C4-87AF-42963FD8F2F1}.Release|Any CPU.ActiveCfg = Release|Any CPU
		{46ACB3ED-EAC3-46C4-87AF-42963FD8F2F1}.Release|Any CPU.Build.0 = Release|Any CPU
	EndGlobalSection
	GlobalSection(SolutionProperties) = preSolution
		HideSolutionNode = FALSE
	EndGlobalSection
	GlobalSection(NestedProjects) = preSolution
		{A9EF733A-9923-45BC-9D3D-C41A837E26B9} = {17A61094-2250-4EC0-B042-1B8F32570386}
		{774E5E3A-1615-40A9-AAC4-4911C8C9C0F6} = {17A61094-2250-4EC0-B042-1B8F32570386}
		{A191B9F1-9D40-4661-A66E-A1D9CC1AE053} = {17A61094-2250-4EC0-B042-1B8F32570386}
		{5547F649-25C1-485F-BD16-64A7CE0C9B82} = {17A61094-2250-4EC0-B042-1B8F32570386}
		{F12D237B-0530-45BD-AF57-CC7767CED31C} = {17A61094-2250-4EC0-B042-1B8F32570386}
		{EBFB35DD-5784-4BF1-8A88-25B3613AC7C7} = {BD258148-75DB-4C09-83C6-BC95518DD334}
		{D19C4C58-EA1E-4304-BAC6-F940BE3AD4D1} = {BD258148-75DB-4C09-83C6-BC95518DD334}
		{F412F206-D7FD-457B-B311-3319071EBF77} = {BD258148-75DB-4C09-83C6-BC95518DD334}
		{7F7A4F16-C742-4F5D-B78E-E2F8148A5A7B} = {BD258148-75DB-4C09-83C6-BC95518DD334}
		{17A61094-2250-4EC0-B042-1B8F32570386} = {FDCBAB37-2853-4775-9292-0968BA2468F3}
		{09351BA9-EA18-4B2C-A848-CC11714B429B} = {E1268898-5F8F-4CA4-9ADA-D9AB28D08244}
		{B0829B4D-9F21-44A2-A70C-686D1F7AC422} = {BD258148-75DB-4C09-83C6-BC95518DD334}
		{67ABDC2D-1ADA-4B78-8AD2-704E91681871} = {09351BA9-EA18-4B2C-A848-CC11714B429B}
		{0E69E936-4374-4ABF-B3F7-0C034E0FD625} = {FDCBAB37-2853-4775-9292-0968BA2468F3}
		{DDA1F963-08D0-4EC1-92CE-663438252B9A} = {0E69E936-4374-4ABF-B3F7-0C034E0FD625}
		{2362E9DA-1D5C-4559-870F-CDDC5C224E22} = {0E69E936-4374-4ABF-B3F7-0C034E0FD625}
		{9B26FC89-0711-43DC-8AD9-12BD2E316CA4} = {0E69E936-4374-4ABF-B3F7-0C034E0FD625}
		{221BB407-53B1-49AC-90B1-EA54F8B9E322} = {0E69E936-4374-4ABF-B3F7-0C034E0FD625}
		{46ACB3ED-EAC3-46C4-87AF-42963FD8F2F1} = {0E69E936-4374-4ABF-B3F7-0C034E0FD625}
	EndGlobalSection
	GlobalSection(ExtensibilityGlobals) = postSolution
		SolutionGuid = {9706574D-FBCC-478C-8A6F-79AD2573E7B4}
	EndGlobalSection
EndGlobal
